
Microsoft Visual Studio Solution File, Format Version 12.00
# Visual Studio Version 16
VisualStudioVersion = 16.0.30128.74
MinimumVisualStudioVersion = 10.0.40219.1
Project("{2150E333-8FDC-42A3-9474-1A3956D46DE8}") = "Microservices", "Microservices", "{EBC1DE13-09BA-4438-9FB0-91EA6E26C89B}"
EndProject
Project("{2150E333-8FDC-42A3-9474-1A3956D46DE8}") = "Domains", "Domains", "{63FF2485-8E1C-4CA4-A814-AE2D0194050A}"
EndProject
Project("{2150E333-8FDC-42A3-9474-1A3956D46DE8}") = "Infra.Bus", "Infra.Bus", "{E524A0BD-9278-4709-91DA-BDAB6CE2A684}"
EndProject
Project("{2150E333-8FDC-42A3-9474-1A3956D46DE8}") = "Infra.IoC", "Infra.IoC", "{AAB413DE-BD88-447C-97BB-AB8F4CF06AED}"
EndProject
Project("{2150E333-8FDC-42A3-9474-1A3956D46DE8}") = "Presentation", "Presentation", "{F806EFE3-1517-479A-8597-CCDFF913CD6C}"
EndProject
Project("{9A19103F-16F7-4668-BE54-9A1E7A4F7556}") = "MicroRabbit.Domain.Core", "MicroRabbit.Domain.Core\MicroRabbit.Domain.Core.csproj", "{0FD8E753-CD33-46A3-B4F4-B047C6EAD4A6}"
EndProject
Project("{9A19103F-16F7-4668-BE54-9A1E7A4F7556}") = "MicroRabbit.Infra.Bus", "MicroRabbit.Infra.Bus\MicroRabbit.Infra.Bus.csproj", "{79A9AC6E-516B-4F51-9418-058241DD02DB}"
EndProject
Project("{9A19103F-16F7-4668-BE54-9A1E7A4F7556}") = "MicroRabbit.Infra.Ioc", "MicroRabbit.Infra.Ioc\MicroRabbit.Infra.Ioc.csproj", "{7CDCB712-C0EB-4C2A-91BE-DA5C40F4DA93}"
EndProject
Project("{2150E333-8FDC-42A3-9474-1A3956D46DE8}") = "Banking", "Banking", "{9C459F05-2358-4EA2-9476-D47149BBD5C1}"
EndProject
Project("{2150E333-8FDC-42A3-9474-1A3956D46DE8}") = "Api", "Api", "{677853A5-A604-4BCC-8B0F-8AAEC7E700CE}"
EndProject
Project("{2150E333-8FDC-42A3-9474-1A3956D46DE8}") = "Domain", "Domain", "{0360B89A-AFBD-4CE1-87EE-02EDCA4F9EC9}"
EndProject
Project("{2150E333-8FDC-42A3-9474-1A3956D46DE8}") = "Data", "Data", "{E7A62FF9-5D83-4FB9-9A82-F7D65E72A02E}"
EndProject
Project("{2150E333-8FDC-42A3-9474-1A3956D46DE8}") = "Application", "Application", "{04E364B3-F784-4AA2-B11C-AE76BBFA97C1}"
EndProject
Project("{9A19103F-16F7-4668-BE54-9A1E7A4F7556}") = "MicroRabbit.Banking.Api", "MicroRabbit.Banking.Api\MicroRabbit.Banking.Api.csproj", "{62FBF32D-2C73-41E6-A1B9-9DD7746D7EE0}"
EndProject
Project("{9A19103F-16F7-4668-BE54-9A1E7A4F7556}") = "MicroRabbit.Banking.Application", "MicroRabbit.Banking.Application\MicroRabbit.Banking.Application.csproj", "{6ADE31CD-51A1-4948-9B56-A243562F3D77}"
EndProject
Project("{9A19103F-16F7-4668-BE54-9A1E7A4F7556}") = "MicroRabbit.Banking.Data", "MicroRabbit.Banking.Data\MicroRabbit.Banking.Data.csproj", "{9BBE0B98-8461-4E83-83A7-B3E59463A733}"
EndProject
Project("{9A19103F-16F7-4668-BE54-9A1E7A4F7556}") = "MicroRabbit.Banking.Domain", "MicroRabbit.Banking.Domain\MicroRabbit.Banking.Domain.csproj", "{9D4DD096-2423-4BC9-9AAF-40E266D2D9CD}"
EndProject
Project("{2150E333-8FDC-42A3-9474-1A3956D46DE8}") = "Transfer", "Transfer", "{C0036164-6959-4735-9012-5A89BDAF1370}"
EndProject
Project("{2150E333-8FDC-42A3-9474-1A3956D46DE8}") = "Api", "Api", "{4444FC06-07DB-4FB8-8A7A-1ACB0F0A2C3F}"
EndProject
Project("{2150E333-8FDC-42A3-9474-1A3956D46DE8}") = "Application", "Application", "{7491CDB8-3CD0-4F03-8ED9-76AEFA31B144}"
EndProject
Project("{2150E333-8FDC-42A3-9474-1A3956D46DE8}") = "Data", "Data", "{706290BF-671A-4745-92FE-42066A57B45B}"
EndProject
Project("{2150E333-8FDC-42A3-9474-1A3956D46DE8}") = "Domain", "Domain", "{1723389F-FEC9-4827-A153-76A12711ADC9}"
EndProject
Project("{FAE04EC0-301F-11D3-BF4B-00C04F79EFBC}") = "MicroRabbit.Transfer.Api", "MicroRabbit.Transfer.Api\MicroRabbit.Transfer.Api.csproj", "{E8013BBC-DF38-4B2C-B070-37241C81553A}"
EndProject
Project("{FAE04EC0-301F-11D3-BF4B-00C04F79EFBC}") = "MicroRabbit.Transfer.Application", "MicroRabbit.Transfer.Application\MicroRabbit.Transfer.Application.csproj", "{DFD75EA0-0B7D-4396-AEC2-BAB744D00C33}"
EndProject
Project("{FAE04EC0-301F-11D3-BF4B-00C04F79EFBC}") = "MicroRabbit.Transfer.Data", "MicroRabbit.Transfer.Data\MicroRabbit.Transfer.Data.csproj", "{4B6C51A5-443D-4806-9709-85CF9E95428B}"
EndProject
Project("{FAE04EC0-301F-11D3-BF4B-00C04F79EFBC}") = "MicroRabbit.Transfer.Domain", "MicroRabbit.Transfer.Domain\MicroRabbit.Transfer.Domain.csproj", "{F299763D-E9F0-41BD-A247-5479A44B9343}"
EndProject
Global
	GlobalSection(SolutionConfigurationPlatforms) = preSolution
		Debug|Any CPU = Debug|Any CPU
		Release|Any CPU = Release|Any CPU
	EndGlobalSection
	GlobalSection(ProjectConfigurationPlatforms) = postSolution
		{0FD8E753-CD33-46A3-B4F4-B047C6EAD4A6}.Debug|Any CPU.ActiveCfg = Debug|Any CPU
		{0FD8E753-CD33-46A3-B4F4-B047C6EAD4A6}.Debug|Any CPU.Build.0 = Debug|Any CPU
		{0FD8E753-CD33-46A3-B4F4-B047C6EAD4A6}.Release|Any CPU.ActiveCfg = Release|Any CPU
		{0FD8E753-CD33-46A3-B4F4-B047C6EAD4A6}.Release|Any CPU.Build.0 = Release|Any CPU
		{79A9AC6E-516B-4F51-9418-058241DD02DB}.Debug|Any CPU.ActiveCfg = Debug|Any CPU
		{79A9AC6E-516B-4F51-9418-058241DD02DB}.Debug|Any CPU.Build.0 = Debug|Any CPU
		{79A9AC6E-516B-4F51-9418-058241DD02DB}.Release|Any CPU.ActiveCfg = Release|Any CPU
		{79A9AC6E-516B-4F51-9418-058241DD02DB}.Release|Any CPU.Build.0 = Release|Any CPU
		{7CDCB712-C0EB-4C2A-91BE-DA5C40F4DA93}.Debug|Any CPU.ActiveCfg = Debug|Any CPU
		{7CDCB712-C0EB-4C2A-91BE-DA5C40F4DA93}.Debug|Any CPU.Build.0 = Debug|Any CPU
		{7CDCB712-C0EB-4C2A-91BE-DA5C40F4DA93}.Release|Any CPU.ActiveCfg = Release|Any CPU
		{7CDCB712-C0EB-4C2A-91BE-DA5C40F4DA93}.Release|Any CPU.Build.0 = Release|Any CPU
		{62FBF32D-2C73-41E6-A1B9-9DD7746D7EE0}.Debug|Any CPU.ActiveCfg = Debug|Any CPU
		{62FBF32D-2C73-41E6-A1B9-9DD7746D7EE0}.Debug|Any CPU.Build.0 = Debug|Any CPU
		{62FBF32D-2C73-41E6-A1B9-9DD7746D7EE0}.Release|Any CPU.ActiveCfg = Release|Any CPU
		{62FBF32D-2C73-41E6-A1B9-9DD7746D7EE0}.Release|Any CPU.Build.0 = Release|Any CPU
		{6ADE31CD-51A1-4948-9B56-A243562F3D77}.Debug|Any CPU.ActiveCfg = Debug|Any CPU
		{6ADE31CD-51A1-4948-9B56-A243562F3D77}.Debug|Any CPU.Build.0 = Debug|Any CPU
		{6ADE31CD-51A1-4948-9B56-A243562F3D77}.Release|Any CPU.ActiveCfg = Release|Any CPU
		{6ADE31CD-51A1-4948-9B56-A243562F3D77}.Release|Any CPU.Build.0 = Release|Any CPU
		{9BBE0B98-8461-4E83-83A7-B3E59463A733}.Debug|Any CPU.ActiveCfg = Debug|Any CPU
		{9BBE0B98-8461-4E83-83A7-B3E59463A733}.Debug|Any CPU.Build.0 = Debug|Any CPU
		{9BBE0B98-8461-4E83-83A7-B3E59463A733}.Release|Any CPU.ActiveCfg = Release|Any CPU
		{9BBE0B98-8461-4E83-83A7-B3E59463A733}.Release|Any CPU.Build.0 = Release|Any CPU
		{9D4DD096-2423-4BC9-9AAF-40E266D2D9CD}.Debug|Any CPU.ActiveCfg = Debug|Any CPU
		{9D4DD096-2423-4BC9-9AAF-40E266D2D9CD}.Debug|Any CPU.Build.0 = Debug|Any CPU
		{9D4DD096-2423-4BC9-9AAF-40E266D2D9CD}.Release|Any CPU.ActiveCfg = Release|Any CPU
		{9D4DD096-2423-4BC9-9AAF-40E266D2D9CD}.Release|Any CPU.Build.0 = Release|Any CPU
		{E8013BBC-DF38-4B2C-B070-37241C81553A}.Debug|Any CPU.ActiveCfg = Debug|Any CPU
		{E8013BBC-DF38-4B2C-B070-37241C81553A}.Debug|Any CPU.Build.0 = Debug|Any CPU
		{E8013BBC-DF38-4B2C-B070-37241C81553A}.Release|Any CPU.ActiveCfg = Release|Any CPU
		{E8013BBC-DF38-4B2C-B070-37241C81553A}.Release|Any CPU.Build.0 = Release|Any CPU
		{DFD75EA0-0B7D-4396-AEC2-BAB744D00C33}.Debug|Any CPU.ActiveCfg = Debug|Any CPU
		{DFD75EA0-0B7D-4396-AEC2-BAB744D00C33}.Debug|Any CPU.Build.0 = Debug|Any CPU
		{DFD75EA0-0B7D-4396-AEC2-BAB744D00C33}.Release|Any CPU.ActiveCfg = Release|Any CPU
		{DFD75EA0-0B7D-4396-AEC2-BAB744D00C33}.Release|Any CPU.Build.0 = Release|Any CPU
		{4B6C51A5-443D-4806-9709-85CF9E95428B}.Debug|Any CPU.ActiveCfg = Debug|Any CPU
		{4B6C51A5-443D-4806-9709-85CF9E95428B}.Debug|Any CPU.Build.0 = Debug|Any CPU
		{4B6C51A5-443D-4806-9709-85CF9E95428B}.Release|Any CPU.ActiveCfg = Release|Any CPU
		{4B6C51A5-443D-4806-9709-85CF9E95428B}.Release|Any CPU.Build.0 = Release|Any CPU
		{F299763D-E9F0-41BD-A247-5479A44B9343}.Debug|Any CPU.ActiveCfg = Debug|Any CPU
		{F299763D-E9F0-41BD-A247-5479A44B9343}.Debug|Any CPU.Build.0 = Debug|Any CPU
		{F299763D-E9F0-41BD-A247-5479A44B9343}.Release|Any CPU.ActiveCfg = Release|Any CPU
		{F299763D-E9F0-41BD-A247-5479A44B9343}.Release|Any CPU.Build.0 = Release|Any CPU
	EndGlobalSection
	GlobalSection(SolutionProperties) = preSolution
		HideSolutionNode = FALSE
	EndGlobalSection
	GlobalSection(NestedProjects) = preSolution
		{0FD8E753-CD33-46A3-B4F4-B047C6EAD4A6} = {63FF2485-8E1C-4CA4-A814-AE2D0194050A}
		{79A9AC6E-516B-4F51-9418-058241DD02DB} = {E524A0BD-9278-4709-91DA-BDAB6CE2A684}
		{7CDCB712-C0EB-4C2A-91BE-DA5C40F4DA93} = {AAB413DE-BD88-447C-97BB-AB8F4CF06AED}
		{9C459F05-2358-4EA2-9476-D47149BBD5C1} = {EBC1DE13-09BA-4438-9FB0-91EA6E26C89B}
		{677853A5-A604-4BCC-8B0F-8AAEC7E700CE} = {9C459F05-2358-4EA2-9476-D47149BBD5C1}
		{0360B89A-AFBD-4CE1-87EE-02EDCA4F9EC9} = {9C459F05-2358-4EA2-9476-D47149BBD5C1}
		{E7A62FF9-5D83-4FB9-9A82-F7D65E72A02E} = {9C459F05-2358-4EA2-9476-D47149BBD5C1}
		{04E364B3-F784-4AA2-B11C-AE76BBFA97C1} = {9C459F05-2358-4EA2-9476-D47149BBD5C1}
		{62FBF32D-2C73-41E6-A1B9-9DD7746D7EE0} = {677853A5-A604-4BCC-8B0F-8AAEC7E700CE}
		{6ADE31CD-51A1-4948-9B56-A243562F3D77} = {04E364B3-F784-4AA2-B11C-AE76BBFA97C1}
		{9BBE0B98-8461-4E83-83A7-B3E59463A733} = {E7A62FF9-5D83-4FB9-9A82-F7D65E72A02E}
		{9D4DD096-2423-4BC9-9AAF-40E266D2D9CD} = {0360B89A-AFBD-4CE1-87EE-02EDCA4F9EC9}
		{C0036164-6959-4735-9012-5A89BDAF1370} = {EBC1DE13-09BA-4438-9FB0-91EA6E26C89B}
		{4444FC06-07DB-4FB8-8A7A-1ACB0F0A2C3F} = {C0036164-6959-4735-9012-5A89BDAF1370}
		{7491CDB8-3CD0-4F03-8ED9-76AEFA31B144} = {C0036164-6959-4735-9012-5A89BDAF1370}
		{706290BF-671A-4745-92FE-42066A57B45B} = {C0036164-6959-4735-9012-5A89BDAF1370}
		{1723389F-FEC9-4827-A153-76A12711ADC9} = {C0036164-6959-4735-9012-5A89BDAF1370}
		{E8013BBC-DF38-4B2C-B070-37241C81553A} = {4444FC06-07DB-4FB8-8A7A-1ACB0F0A2C3F}
		{DFD75EA0-0B7D-4396-AEC2-BAB744D00C33} = {7491CDB8-3CD0-4F03-8ED9-76AEFA31B144}
		{4B6C51A5-443D-4806-9709-85CF9E95428B} = {706290BF-671A-4745-92FE-42066A57B45B}
		{F299763D-E9F0-41BD-A247-5479A44B9343} = {1723389F-FEC9-4827-A153-76A12711ADC9}
	EndGlobalSection
	GlobalSection(ExtensibilityGlobals) = postSolution
		SolutionGuid = {6F4AA5C5-2822-47DF-B6AF-7765EF31B95C}
	EndGlobalSection
EndGlobal
